{
  "name": "commit-message-checker",
  "version": "1.1.1",
  "dependencies": {
    "chalk": {
      "version": "1.1.3",
      "from": "https://registry.npmjs.org/chalk/-/chalk-1.1.3.tgz",
      "resolved": "https://registry.npmjs.org/chalk/-/chalk-1.1.3.tgz",
      "dependencies": {
        "ansi-styles": {
          "version": "2.2.1",
          "from": "https://registry.npmjs.org/ansi-styles/-/ansi-styles-2.2.1.tgz",
          "resolved": "https://registry.npmjs.org/ansi-styles/-/ansi-styles-2.2.1.tgz"
        },
        "escape-string-regexp": {
          "version": "1.0.5",
          "from": "https://registry.npmjs.org/escape-string-regexp/-/escape-string-regexp-1.0.5.tgz",
          "resolved": "https://registry.npmjs.org/escape-string-regexp/-/escape-string-regexp-1.0.5.tgz"
        },
        "has-ansi": {
          "version": "2.0.0",
          "from": "https://registry.npmjs.org/has-ansi/-/has-ansi-2.0.0.tgz",
          "resolved": "https://registry.npmjs.org/has-ansi/-/has-ansi-2.0.0.tgz",
          "dependencies": {
            "ansi-regex": {
              "version": "2.0.0",
              "from": "https://registry.npmjs.org/ansi-regex/-/ansi-regex-2.0.0.tgz",
              "resolved": "https://registry.npmjs.org/ansi-regex/-/ansi-regex-2.0.0.tgz"
            }
          }
        },
        "strip-ansi": {
          "version": "3.0.1",
          "from": "https://registry.npmjs.org/strip-ansi/-/strip-ansi-3.0.1.tgz",
          "resolved": "https://registry.npmjs.org/strip-ansi/-/strip-ansi-3.0.1.tgz",
          "dependencies": {
            "ansi-regex": {
              "version": "2.0.0",
              "from": "https://registry.npmjs.org/ansi-regex/-/ansi-regex-2.0.0.tgz",
              "resolved": "https://registry.npmjs.org/ansi-regex/-/ansi-regex-2.0.0.tgz"
            }
          }
        },
        "supports-color": {
          "version": "2.0.0",
          "from": "https://registry.npmjs.org/supports-color/-/supports-color-2.0.0.tgz",
          "resolved": "https://registry.npmjs.org/supports-color/-/supports-color-2.0.0.tgz"
        }
      }
    },
    "rc": {
      "version": "1.1.6",
      "from": "rc@latest",
      "resolved": "https://registry.npmjs.org/rc/-/rc-1.1.6.tgz",
      "dependencies": {
        "deep-extend": {
          "version": "0.4.1",
          "from": "deep-extend@>=0.4.0 <0.5.0",
          "resolved": "https://registry.npmjs.org/deep-extend/-/deep-extend-0.4.1.tgz"
        },
        "ini": {
          "version": "1.3.4",
          "from": "ini@>=1.3.0 <1.4.0",
          "resolved": "https://registry.npmjs.org/ini/-/ini-1.3.4.tgz"
        },
        "minimist": {
          "version": "1.2.0",
          "from": "minimist@>=1.2.0 <2.0.0",
          "resolved": "https://registry.npmjs.org/minimist/-/minimist-1.2.0.tgz"
        },
        "strip-json-comments": {
          "version": "1.0.4",
          "from": "strip-json-comments@>=1.0.4 <1.1.0",
          "resolved": "https://registry.npmjs.org/strip-json-comments/-/strip-json-comments-1.0.4.tgz"
        }
      }
    },
    "table": {
      "version": "4.0.1",
      "from": "https://registry.npmjs.org/table/-/table-4.0.1.tgz",
      "resolved": "https://registry.npmjs.org/table/-/table-4.0.1.tgz",
      "dependencies": {
        "ajv": {
          "version": "4.9.0",
          "from": "https://registry.npmjs.org/ajv/-/ajv-4.9.0.tgz",
          "resolved": "https://registry.npmjs.org/ajv/-/ajv-4.9.0.tgz",
          "dependencies": {
            "co": {
              "version": "4.6.0",
              "from": "https://registry.npmjs.org/co/-/co-4.6.0.tgz",
              "resolved": "https://registry.npmjs.org/co/-/co-4.6.0.tgz"
            },
            "json-stable-stringify": {
              "version": "1.0.1",
              "from": "https://registry.npmjs.org/json-stable-stringify/-/json-stable-stringify-1.0.1.tgz",
              "resolved": "https://registry.npmjs.org/json-stable-stringify/-/json-stable-stringify-1.0.1.tgz",
              "dependencies": {
                "jsonify": {
                  "version": "0.0.0",
                  "from": "https://registry.npmjs.org/jsonify/-/jsonify-0.0.0.tgz",
                  "resolved": "https://registry.npmjs.org/jsonify/-/jsonify-0.0.0.tgz"
                }
              }
            }
          }
        },
        "ajv-keywords": {
          "version": "1.1.1",
          "from": "https://registry.npmjs.org/ajv-keywords/-/ajv-keywords-1.1.1.tgz",
          "resolved": "https://registry.npmjs.org/ajv-keywords/-/ajv-keywords-1.1.1.tgz"
        },
        "lodash": {
          "version": "4.17.2",
          "from": "lodash@>=4.0.0 <5.0.0",
          "resolved": "https://registry.npmjs.org/lodash/-/lodash-4.17.2.tgz"
        },
        "slice-ansi": {
          "version": "0.0.4",
          "from": "https://registry.npmjs.org/slice-ansi/-/slice-ansi-0.0.4.tgz",
          "resolved": "https://registry.npmjs.org/slice-ansi/-/slice-ansi-0.0.4.tgz"
        },
        "string-width": {
          "version": "2.0.0",
          "from": "https://registry.npmjs.org/string-width/-/string-width-2.0.0.tgz",
          "resolved": "https://registry.npmjs.org/string-width/-/string-width-2.0.0.tgz",
          "dependencies": {
            "is-fullwidth-code-point": {
              "version": "2.0.0",
              "from": "https://registry.npmjs.org/is-fullwidth-code-point/-/is-fullwidth-code-point-2.0.0.tgz",
              "resolved": "https://registry.npmjs.org/is-fullwidth-code-point/-/is-fullwidth-code-point-2.0.0.tgz"
            },
            "strip-ansi": {
              "version": "3.0.1",
              "from": "https://registry.npmjs.org/strip-ansi/-/strip-ansi-3.0.1.tgz",
              "resolved": "https://registry.npmjs.org/strip-ansi/-/strip-ansi-3.0.1.tgz",
              "dependencies": {
                "ansi-regex": {
                  "version": "2.0.0",
                  "from": "https://registry.npmjs.org/ansi-regex/-/ansi-regex-2.0.0.tgz",
                  "resolved": "https://registry.npmjs.org/ansi-regex/-/ansi-regex-2.0.0.tgz"
                }
              }
            }
          }
        }
      }
    }
  }
}
